
Microsoft Visual Studio Solution File, Format Version 12.00
# Visual Studio Version 17
VisualStudioVersion = 17.11.35327.3
MinimumVisualStudioVersion = 10.0.40219.1
Project("{FAE04EC0-301F-11D3-BF4B-00C04F79EFBC}") = "GitProject_Dimitar", "GitProject_Dimitar\GitProject_Dimitar.csproj", "{51C9BACB-F6E5-40BA-9961-A6838810CDE6}"
EndProject
Global
	GlobalSection(SolutionConfigurationPlatforms) = preSolution
		Debug|Any CPU = Debug|Any CPU
		Release|Any CPU = Release|Any CPU
	EndGlobalSection
	GlobalSection(ProjectConfigurationPlatforms) = postSolution
		{51C9BACB-F6E5-40BA-9961-A6838810CDE6}.Debug|Any CPU.ActiveCfg = Debug|Any CPU
		{51C9BACB-F6E5-40BA-9961-A6838810CDE6}.Debug|Any CPU.Build.0 = Debug|Any CPU
		{51C9BACB-F6E5-40BA-9961-A6838810CDE6}.Release|Any CPU.ActiveCfg = Release|Any CPU
		{51C9BACB-F6E5-40BA-9961-A6838810CDE6}.Release|Any CPU.Build.0 = Release|Any CPU
	EndGlobalSection
	GlobalSection(SolutionProperties) = preSolution
		HideSolutionNode = FALSE
	EndGlobalSection
	GlobalSection(ExtensibilityGlobals) = postSolution
		SolutionGuid = {B2D9785D-E6D6-49A3-97F4-77EF31E4A108}
	EndGlobalSection
EndGlobal
